
Microsoft Visual Studio Solution File, Format Version 12.00
# Visual Studio Version 17
VisualStudioVersion = 17.8.34525.116
MinimumVisualStudioVersion = 10.0.40219.1
Project("{FAE04EC0-301F-11D3-BF4B-00C04F79EFBC}") = "Atividade Carros", "Atividade Carros\Atividade Carros.csproj", "{52DE3E3C-EF9D-4F5F-B325-BA2F0C0C3002}"
EndProject
Global
	GlobalSection(SolutionConfigurationPlatforms) = preSolution
		Debug|Any CPU = Debug|Any CPU
		Release|Any CPU = Release|Any CPU
	EndGlobalSection
	GlobalSection(ProjectConfigurationPlatforms) = postSolution
		{52DE3E3C-EF9D-4F5F-B325-BA2F0C0C3002}.Debug|Any CPU.ActiveCfg = Debug|Any CPU
		{52DE3E3C-EF9D-4F5F-B325-BA2F0C0C3002}.Debug|Any CPU.Build.0 = Debug|Any CPU
		{52DE3E3C-EF9D-4F5F-B325-BA2F0C0C3002}.Release|Any CPU.ActiveCfg = Release|Any CPU
		{52DE3E3C-EF9D-4F5F-B325-BA2F0C0C3002}.Release|Any CPU.Build.0 = Release|Any CPU
	EndGlobalSection
	GlobalSection(SolutionProperties) = preSolution
		HideSolutionNode = FALSE
	EndGlobalSection
	GlobalSection(ExtensibilityGlobals) = postSolution
		SolutionGuid = {F868591B-78F5-4532-8349-DB1856FDADD1}
	EndGlobalSection
EndGlobal
